
Microsoft Visual Studio Solution File, Format Version 12.00
# Visual Studio 15
VisualStudioVersion = 15.0.28307.779
MinimumVisualStudioVersion = 10.0.40219.1
Project("{FAE04EC0-301F-11D3-BF4B-00C04F79EFBC}") = "ManagementSystemForMechanics", "ManagementSystemForMechanics\ManagementSystemForMechanics.csproj", "{9B4496FE-B64F-4C8B-B021-58DFBB8F2775}"
EndProject
Global
	GlobalSection(SolutionConfigurationPlatforms) = preSolution
		Debug|Any CPU = Debug|Any CPU
		Release|Any CPU = Release|Any CPU
	EndGlobalSection
	GlobalSection(ProjectConfigurationPlatforms) = postSolution
		{9B4496FE-B64F-4C8B-B021-58DFBB8F2775}.Debug|Any CPU.ActiveCfg = Debug|Any CPU
		{9B4496FE-B64F-4C8B-B021-58DFBB8F2775}.Debug|Any CPU.Build.0 = Debug|Any CPU
		{9B4496FE-B64F-4C8B-B021-58DFBB8F2775}.Release|Any CPU.ActiveCfg = Release|Any CPU
		{9B4496FE-B64F-4C8B-B021-58DFBB8F2775}.Release|Any CPU.Build.0 = Release|Any CPU
	EndGlobalSection
	GlobalSection(SolutionProperties) = preSolution
		HideSolutionNode = FALSE
	EndGlobalSection
	GlobalSection(ExtensibilityGlobals) = postSolution
		SolutionGuid = {E8C8A452-61E2-4790-BD70-56A0928DF871}
	EndGlobalSection
EndGlobal
